PODS:
  - ChameleonFramework/Default (2.1.0)
  - ChameleonFramework/Swift (2.1.0):
    - ChameleonFramework/Default
  - Realm (5.3.5):
    - Realm/Headers (= 5.3.5)
  - Realm/Headers (5.3.5)
  - RealmSwift (5.3.5):
    - Realm (= 5.3.5)

DEPENDENCIES:
  - ChameleonFramework/Swift (from `https://github.com/ViccAlexander/Chameleon.git`)
  - RealmSwift

SPEC REPOS:
  trunk:
    - Realm
    - RealmSwift

EXTERNAL SOURCES:
  ChameleonFramework:
    :git: https://github.com/ViccAlexander/Chameleon.git

CHECKOUT OPTIONS:
  ChameleonFramework:
    :commit: 6dd284bde21ea2e7f9fd89bc36f40df16e16369d
    :git: https://github.com/ViccAlexander/Chameleon.git

SPEC CHECKSUMS:
  ChameleonFramework: d21a3cc247abfe5e37609a283a8238b03575cf64
  Realm: 2b52fcc86fc0ed3d75a56ac0eb1e73c4f1a60e16
  RealmSwift: a6ea2ea561039fc3833c08dec81371a9a3bb5ca6

PODFILE CHECKSUM: 1151f1b88c58babfb02837b159b215fac42561a9

COCOAPODS: 1.9.3
